// !$*UTF8*$!
{
	archiveVersion = 1;
	classes = {
	};
	objectVersion = 77;
	objects = {

/* Begin PBXBuildFile section */
		202062732EAB68640061809D /* SDL3.xcframework in Frameworks */ = {isa = PBXBuildFile; fileRef = 202062722EAB68640061809D /* SDL3.xcframework */; };
		202062742EAB68640061809D /* SDL3.xcframework in Embed Frameworks */ = {isa = PBXBuildFile; fileRef = 202062722EAB68640061809D /* SDL3.xcframework */; settings = {ATTRIBUTES = (CodeSignOnCopy, RemoveHeadersOnCopy, ); }; };
		202062912EAC455A0061809D /* SDL3_image.xcframework in Frameworks */ = {isa = PBXBuildFile; fileRef = 202062902EAC455A0061809D /* SDL3_image.xcframework */; };
		202062922EAC455A0061809D /* SDL3_image.xcframework in Embed Frameworks */ = {isa = PBXBuildFile; fileRef = 202062902EAC455A0061809D /* SDL3_image.xcframework */; settings = {ATTRIBUTES = (CodeSignOnCopy, RemoveHeadersOnCopy, ); }; };
		202062952EAC73510061809D /* SDL3_ttf.xcframework in Frameworks */ = {isa = PBXBuildFile; fileRef = 202062942EAC73510061809D /* SDL3_ttf.xcframework */; };
		202062962EAC73510061809D /* SDL3_ttf.xcframework in Embed Frameworks */ = {isa = PBXBuildFile; fileRef = 202062942EAC73510061809D /* SDL3_ttf.xcframework */; settings = {ATTRIBUTES = (CodeSignOnCopy, RemoveHeadersOnCopy, ); }; };
		2020629D2EAC85A10061809D /* SDL3_mixer.xcconfig in Resources */ = {isa = PBXBuildFile; fileRef = 2020629B2EAC7C880061809D /* SDL3_mixer.xcconfig */; };
		20F529972EAC9B1A003B40A8 /* libSDL3_mixer.0.1.0.dylib in Embed Frameworks */ = {isa = PBXBuildFile; fileRef = 20F529932EAC94DC003B40A8 /* libSDL3_mixer.0.1.0.dylib */; settings = {ATTRIBUTES = (CodeSignOnCopy, ); }; };
		20F5299E2EAC9E90003B40A8 /* libSDL3_mixer.0.1.0.dylib in Frameworks */ = {isa = PBXBuildFile; fileRef = 20F5299C2EAC9D03003B40A8 /* libSDL3_mixer.0.1.0.dylib */; };
/* End PBXBuildFile section */

/* Begin PBXCopyFilesBuildPhase section */
		202062752EAB68640061809D /* Embed Frameworks */ = {
			isa = PBXCopyFilesBuildPhase;
			buildActionMask = 2147483647;
			dstPath = "";
			dstSubfolderSpec = 10;
			files = (
				20F529972EAC9B1A003B40A8 /* libSDL3_mixer.0.1.0.dylib in Embed Frameworks */,
				202062962EAC73510061809D /* SDL3_ttf.xcframework in Embed Frameworks */,
				202062742EAB68640061809D /* SDL3.xcframework in Embed Frameworks */,
				202062922EAC455A0061809D /* SDL3_image.xcframework in Embed Frameworks */,
			);
			name = "Embed Frameworks";
			runOnlyForDeploymentPostprocessing = 0;
		};
/* End PBXCopyFilesBuildPhase section */

/* Begin PBXFileReference section */
		202062502EAB667D0061809D /* hello sdl2.app */ = {isa = PBXFileReference; explicitFileType = wrapper.application; includeInIndex = 0; path = "hello sdl2.app"; sourceTree = BUILT_PRODUCTS_DIR; };
		202062722EAB68640061809D /* SDL3.xcframework */ = {isa = PBXFileReference; lastKnownFileType = wrapper.xcframework; path = SDL3.xcframework; sourceTree = "<group>"; };
		202062902EAC455A0061809D /* SDL3_image.xcframework */ = {isa = PBXFileReference; lastKnownFileType = wrapper.xcframework; path = SDL3_image.xcframework; sourceTree = "<group>"; };
		202062942EAC73510061809D /* SDL3_ttf.xcframework */ = {isa = PBXFileReference; lastKnownFileType = wrapper.xcframework; path = SDL3_ttf.xcframework; sourceTree = "<group>"; };
		202062982EAC750F0061809D /* libSDL3.0.dylib */ = {isa = PBXFileReference; lastKnownFileType = "compiled.mach-o.dylib"; path = libSDL3.0.dylib; sourceTree = "<group>"; };
		2020629B2EAC7C880061809D /* SDL3_mixer.xcconfig */ = {isa = PBXFileReference; lastKnownFileType = text.xcconfig; path = SDL3_mixer.xcconfig; sourceTree = "<group>"; };
		20F529932EAC94DC003B40A8 /* libSDL3_mixer.0.1.0.dylib */ = {isa = PBXFileReference; lastKnownFileType = "compiled.mach-o.dylib"; name = libSDL3_mixer.0.1.0.dylib; path = ../install/lib/libSDL3_mixer.0.1.0.dylib; sourceTree = "<group>"; };
		20F5299B2EAC9CDF003B40A8 /* libSDL3_mixer.0.1.0.dylib */ = {isa = PBXFileReference; lastKnownFileType = "compiled.mach-o.dylib"; name = libSDL3_mixer.0.1.0.dylib; path = ../install/lib/libSDL3_mixer.0.1.0.dylib; sourceTree = "<group>"; };
		20F5299C2EAC9D03003B40A8 /* libSDL3_mixer.0.1.0.dylib */ = {isa = PBXFileReference; lastKnownFileType = "compiled.mach-o.dylib"; name = libSDL3_mixer.0.1.0.dylib; path = ../install/lib/libSDL3_mixer.0.1.0.dylib; sourceTree = "<group>"; };
/* End PBXFileReference section */

/* Begin PBXFileSystemSynchronizedRootGroup section */
		202062522EAB667D0061809D /* hello sdl2 */ = {
			isa = PBXFileSystemSynchronizedRootGroup;
			path = "hello sdl2";
			sourceTree = "<group>";
		};
/* End PBXFileSystemSynchronizedRootGroup section */

/* Begin PBXFrameworksBuildPhase section */
		2020624D2EAB667D0061809D /* Frameworks */ = {
			isa = PBXFrameworksBuildPhase;
			buildActionMask = 2147483647;
			files = (
				20F5299E2EAC9E90003B40A8 /* libSDL3_mixer.0.1.0.dylib in Frameworks */,
				202062952EAC73510061809D /* SDL3_ttf.xcframework in Frameworks */,
				202062732EAB68640061809D /* SDL3.xcframework in Frameworks */,
				202062912EAC455A0061809D /* SDL3_image.xcframework in Frameworks */,
			);
			runOnlyForDeploymentPostprocessing = 0;
		};
/* End PBXFrameworksBuildPhase section */

/* Begin PBXGroup section */
		202062472EAB667D0061809D = {
			isa = PBXGroup;
			children = (
				20F5299B2EAC9CDF003B40A8 /* libSDL3_mixer.0.1.0.dylib */,
				20F5299C2EAC9D03003B40A8 /* libSDL3_mixer.0.1.0.dylib */,
				2020629B2EAC7C880061809D /* SDL3_mixer.xcconfig */,
				202062982EAC750F0061809D /* libSDL3.0.dylib */,
				202062522EAB667D0061809D /* hello sdl2 */,
				202062712EAB68630061809D /* Frameworks */,
				202062512EAB667D0061809D /* Products */,
			);
			sourceTree = "<group>";
		};
		202062512EAB667D0061809D /* Products */ = {
			isa = PBXGroup;
			children = (
				202062502EAB667D0061809D /* hello sdl2.app */,
			);
			name = Products;
			sourceTree = "<group>";
		};
		202062712EAB68630061809D /* Frameworks */ = {
			isa = PBXGroup;
			children = (
				20F529932EAC94DC003B40A8 /* libSDL3_mixer.0.1.0.dylib */,
				202062942EAC73510061809D /* SDL3_ttf.xcframework */,
				202062902EAC455A0061809D /* SDL3_image.xcframework */,
				202062722EAB68640061809D /* SDL3.xcframework */,
			);
			name = Frameworks;
			sourceTree = "<group>";
		};
/* End PBXGroup section */

/* Begin PBXNativeTarget section */
		2020624F2EAB667D0061809D /* hello sdl2 */ = {
			isa = PBXNativeTarget;
			buildConfigurationList = 202062602EAB66800061809D /* Build configuration list for PBXNativeTarget "hello sdl2" */;
			buildPhases = (
				2020624C2EAB667D0061809D /* Sources */,
				2020624D2EAB667D0061809D /* Frameworks */,
				2020624E2EAB667D0061809D /* Resources */,
				202062752EAB68640061809D /* Embed Frameworks */,
			);
			buildRules = (
			);
			dependencies = (
			);
			fileSystemSynchronizedGroups = (
				202062522EAB667D0061809D /* hello sdl2 */,
			);
			name = "hello sdl2";
			packageProductDependencies = (
			);
			productName = "hello sdl2";
			productReference = 202062502EAB667D0061809D /* hello sdl2.app */;
			productType = "com.apple.product-type.application";
		};
/* End PBXNativeTarget section */

/* Begin PBXProject section */
		202062482EAB667D0061809D /* Project object */ = {
			isa = PBXProject;
			attributes = {
				BuildIndependentTargetsInParallel = 1;
				LastUpgradeCheck = 1620;
				TargetAttributes = {
					2020624F2EAB667D0061809D = {
						CreatedOnToolsVersion = 16.2;
						LastSwiftMigration = 1620;
					};
				};
			};
			buildConfigurationList = 2020624B2EAB667D0061809D /* Build configuration list for PBXProject "hello sdl2" */;
			developmentRegion = en;
			hasScannedForEncodings = 0;
			knownRegions = (
				en,
				Base,
			);
			mainGroup = 202062472EAB667D0061809D;
			minimizedProjectReferenceProxies = 1;
			preferredProjectObjectVersion = 77;
			productRefGroup = 202062512EAB667D0061809D /* Products */;
			projectDirPath = "";
			projectRoot = "";
			targets = (
				2020624F2EAB667D0061809D /* hello sdl2 */,
			);
		};
/* End PBXProject section */

/* Begin PBXResourcesBuildPhase section */
		2020624E2EAB667D0061809D /* Resources */ = {
			isa = PBXResourcesBuildPhase;
			buildActionMask = 2147483647;
			files = (
				2020629D2EAC85A10061809D /* SDL3_mixer.xcconfig in Resources */,
			);
			runOnlyForDeploymentPostprocessing = 0;
		};
/* End PBXResourcesBuildPhase section */

/* Begin PBXSourcesBuildPhase section */
		2020624C2EAB667D0061809D /* Sources */ = {
			isa = PBXSourcesBuildPhase;
			buildActionMask = 2147483647;
			files = (
			);
			runOnlyForDeploymentPostprocessing = 0;
		};
/* End PBXSourcesBuildPhase section */

/* Begin XCBuildConfiguration section */
		2020625E2EAB66800061809D /* Debug */ = {
			isa = XCBuildConfiguration;
			baseConfigurationReference = 2020629B2EAC7C880061809D /* SDL3_mixer.xcconfig */;
			buildSettings = {
				ALWAYS_SEARCH_USER_PATHS = NO;
				ASSETCATALOG_COMPILER_GENERATE_SWIFT_ASSET_SYMBOL_EXTENSIONS = YES;
				CLANG_ANALYZER_NONNULL = YES;
				CLANG_ANALYZER_NUMBER_OBJECT_CONVERSION = YES_AGGRESSIVE;
				CLANG_CXX_LANGUAGE_STANDARD = "gnu++20";
				CLANG_ENABLE_MODULES = YES;
				CLANG_ENABLE_OBJC_ARC = YES;
				CLANG_ENABLE_OBJC_WEAK = YES;
				CLANG_WARN_BLOCK_CAPTURE_AUTORELEASING = YES;
				CLANG_WARN_BOOL_CONVERSION = YES;
				CLANG_WARN_COMMA = YES;
				CLANG_WARN_CONSTANT_CONVERSION = YES;
				CLANG_WARN_DEPRECATED_OBJC_IMPLEMENTATIONS = YES;
				CLANG_WARN_DIRECT_OBJC_ISA_USAGE = YES_ERROR;
				CLANG_WARN_DOCUMENTATION_COMMENTS = YES;
				CLANG_WARN_EMPTY_BODY = YES;
				CLANG_WARN_ENUM_CONVERSION = YES;
				CLANG_WARN_INFINITE_RECURSION = YES;
				CLANG_WARN_INT_CONVERSION = YES;
				CLANG_WARN_NON_LITERAL_NULL_CONVERSION = YES;
				CLANG_WARN_OBJC_IMPLICIT_RETAIN_SELF = YES;
				CLANG_WARN_OBJC_LITERAL_CONVERSION = YES;
				CLANG_WARN_OBJC_ROOT_CLASS = YES_ERROR;
				CLANG_WARN_QUOTED_INCLUDE_IN_FRAMEWORK_HEADER = YES;
				CLANG_WARN_RANGE_LOOP_ANALYSIS = YES;
				CLANG_WARN_STRICT_PROTOTYPES = YES;
				CLANG_WARN_SUSPICIOUS_MOVE = YES;
				CLANG_WARN_UNGUARDED_AVAILABILITY = YES_AGGRESSIVE;
				CLANG_WARN_UNREACHABLE_CODE = YES;
				CLANG_WARN__DUPLICATE_METHOD_MATCH = YES;
				COPY_PHASE_STRIP = NO;
				DEBUG_INFORMATION_FORMAT = dwarf;
				ENABLE_STRICT_OBJC_MSGSEND = YES;
				ENABLE_TESTABILITY = YES;
				ENABLE_USER_SCRIPT_SANDBOXING = YES;
				GCC_C_LANGUAGE_STANDARD = gnu17;
				GCC_DYNAMIC_NO_PIC = NO;
				GCC_NO_COMMON_BLOCKS = YES;
				GCC_OPTIMIZATION_LEVEL = 0;
				GCC_PREPROCESSOR_DEFINITIONS = (
					"DEBUG=1",
					"$(inherited)",
				);
				GCC_WARN_64_TO_32_BIT_CONVERSION = YES;
				GCC_WARN_ABOUT_RETURN_TYPE = YES_ERROR;
				GCC_WARN_UNDECLARED_SELECTOR = YES;
				GCC_WARN_UNINITIALIZED_AUTOS = YES_AGGRESSIVE;
				GCC_WARN_UNUSED_FUNCTION = YES;
				GCC_WARN_UNUSED_VARIABLE = YES;
				HEADER_SEARCH_PATHS = $HOME/install/include/SDL3_mixer/;
				LIBRARY_SEARCH_PATHS = $HOME/install/lib/;
				LOCALIZATION_PREFERS_STRING_CATALOGS = YES;
				MACOSX_DEPLOYMENT_TARGET = 15.2;
				MTL_ENABLE_DEBUG_INFO = INCLUDE_SOURCE;
				MTL_FAST_MATH = YES;
				ONLY_ACTIVE_ARCH = YES;
				OTHER_CPLUSPLUSFLAGS = (
					"$(OTHER_CFLAGS)",
					"-I/Users/chowjiaying/install/include",
				);
				OTHER_LDFLAGS = "";
				SDKROOT = macosx;
				USE_HEADERMAP = NO;
			};
			name = Debug;
		};
		2020625F2EAB66800061809D /* Release */ = {
			isa = XCBuildConfiguration;
			baseConfigurationReference = 2020629B2EAC7C880061809D /* SDL3_mixer.xcconfig */;
			buildSettings = {
				ALWAYS_SEARCH_USER_PATHS = NO;
				ASSETCATALOG_COMPILER_GENERATE_SWIFT_ASSET_SYMBOL_EXTENSIONS = YES;
				CLANG_ANALYZER_NONNULL = YES;
				CLANG_ANALYZER_NUMBER_OBJECT_CONVERSION = YES_AGGRESSIVE;
				CLANG_CXX_LANGUAGE_STANDARD = "gnu++20";
				CLANG_ENABLE_MODULES = YES;
				CLANG_ENABLE_OBJC_ARC = YES;
				CLANG_ENABLE_OBJC_WEAK = YES;
				CLANG_WARN_BLOCK_CAPTURE_AUTORELEASING = YES;
				CLANG_WARN_BOOL_CONVERSION = YES;
				CLANG_WARN_COMMA = YES;
				CLANG_WARN_CONSTANT_CONVERSION = YES;
				CLANG_WARN_DEPRECATED_OBJC_IMPLEMENTATIONS = YES;
				CLANG_WARN_DIRECT_OBJC_ISA_USAGE = YES_ERROR;
				CLANG_WARN_DOCUMENTATION_COMMENTS = YES;
				CLANG_WARN_EMPTY_BODY = YES;
				CLANG_WARN_ENUM_CONVERSION = YES;
				CLANG_WARN_INFINITE_RECURSION = YES;
				CLANG_WARN_INT_CONVERSION = YES;
				CLANG_WARN_NON_LITERAL_NULL_CONVERSION = YES;
				CLANG_WARN_OBJC_IMPLICIT_RETAIN_SELF = YES;
				CLANG_WARN_OBJC_LITERAL_CONVERSION = YES;
				CLANG_WARN_OBJC_ROOT_CLASS = YES_ERROR;
				CLANG_WARN_QUOTED_INCLUDE_IN_FRAMEWORK_HEADER = YES;
				CLANG_WARN_RANGE_LOOP_ANALYSIS = YES;
				CLANG_WARN_STRICT_PROTOTYPES = YES;
				CLANG_WARN_SUSPICIOUS_MOVE = YES;
				CLANG_WARN_UNGUARDED_AVAILABILITY = YES_AGGRESSIVE;
				CLANG_WARN_UNREACHABLE_CODE = YES;
				CLANG_WARN__DUPLICATE_METHOD_MATCH = YES;
				COPY_PHASE_STRIP = NO;
				DEBUG_INFORMATION_FORMAT = "dwarf-with-dsym";
				ENABLE_NS_ASSERTIONS = NO;
				ENABLE_STRICT_OBJC_MSGSEND = YES;
				ENABLE_USER_SCRIPT_SANDBOXING = YES;
				GCC_C_LANGUAGE_STANDARD = gnu17;
				GCC_NO_COMMON_BLOCKS = YES;
				GCC_WARN_64_TO_32_BIT_CONVERSION = YES;
				GCC_WARN_ABOUT_RETURN_TYPE = YES_ERROR;
				GCC_WARN_UNDECLARED_SELECTOR = YES;
				GCC_WARN_UNINITIALIZED_AUTOS = YES_AGGRESSIVE;
				GCC_WARN_UNUSED_FUNCTION = YES;
				GCC_WARN_UNUSED_VARIABLE = YES;
				HEADER_SEARCH_PATHS = $HOME/install/include/SDL3_mixer/;
				LIBRARY_SEARCH_PATHS = $HOME/install/lib/;
				LOCALIZATION_PREFERS_STRING_CATALOGS = YES;
				MACOSX_DEPLOYMENT_TARGET = 15.2;
				MTL_ENABLE_DEBUG_INFO = NO;
				MTL_FAST_MATH = YES;
				OTHER_CPLUSPLUSFLAGS = (
					"$(OTHER_CFLAGS)",
					"-I/Users/chowjiaying/install/include",
				);
				OTHER_LDFLAGS = "";
				SDKROOT = macosx;
				USE_HEADERMAP = NO;
			};
			name = Release;
		};
		202062612EAB66800061809D /* Debug */ = {
			isa = XCBuildConfiguration;
			buildSettings = {
				ASSETCATALOG_COMPILER_APPICON_NAME = AppIcon;
				ASSETCATALOG_COMPILER_GLOBAL_ACCENT_COLOR_NAME = AccentColor;
				CLANG_ENABLE_MODULES = YES;
				CODE_SIGN_ENTITLEMENTS = "hello sdl2/hello_sdl2.entitlements";
				CODE_SIGN_STYLE = Automatic;
				COMBINE_HIDPI_IMAGES = YES;
				CURRENT_PROJECT_VERSION = 1;
				GENERATE_INFOPLIST_FILE = YES;
				HEADER_SEARCH_PATHS = "";
				INFOPLIST_KEY_NSHumanReadableCopyright = "";
				INFOPLIST_KEY_NSMainNibFile = MainMenu;
				INFOPLIST_KEY_NSPrincipalClass = NSApplication;
				LD_RUNPATH_SEARCH_PATHS = (
					"$(inherited)",
					"@executable_path/../Frameworks",
				);
				LIBRARY_SEARCH_PATHS = $HOME/install/lib/;
				MARKETING_VERSION = 1.0;
				OTHER_LDFLAGS = "";
				PRODUCT_BUNDLE_IDENTIFIER = "com.whatever.hello-sdl2";
				PRODUCT_NAME = "$(TARGET_NAME)";
				SWIFT_EMIT_LOC_STRINGS = YES;
				SWIFT_OPTIMIZATION_LEVEL = "-Onone";
				SWIFT_VERSION = 6.0;
			};
			name = Debug;
		};
		202062622EAB66800061809D /* Release */ = {
			isa = XCBuildConfiguration;
			buildSettings = {
				ASSETCATALOG_COMPILER_APPICON_NAME = AppIcon;
				ASSETCATALOG_COMPILER_GLOBAL_ACCENT_COLOR_NAME = AccentColor;
				CLANG_ENABLE_MODULES = YES;
				CODE_SIGN_ENTITLEMENTS = "hello sdl2/hello_sdl2.entitlements";
				CODE_SIGN_STYLE = Automatic;
				COMBINE_HIDPI_IMAGES = YES;
				CURRENT_PROJECT_VERSION = 1;
				GENERATE_INFOPLIST_FILE = YES;
				HEADER_SEARCH_PATHS = "";
				INFOPLIST_KEY_NSHumanReadableCopyright = "";
				INFOPLIST_KEY_NSMainNibFile = MainMenu;
				INFOPLIST_KEY_NSPrincipalClass = NSApplication;
				LD_RUNPATH_SEARCH_PATHS = (
					"$(inherited)",
					"@executable_path/../Frameworks",
				);
				LIBRARY_SEARCH_PATHS = $HOME/install/lib/;
				MARKETING_VERSION = 1.0;
				OTHER_LDFLAGS = "";
				PRODUCT_BUNDLE_IDENTIFIER = "com.whatever.hello-sdl2";
				PRODUCT_NAME = "$(TARGET_NAME)";
				SWIFT_EMIT_LOC_STRINGS = YES;
				SWIFT_VERSION = 6.0;
			};
			name = Release;
		};
/* End XCBuildConfiguration section */

/* Begin XCConfigurationList section */
		2020624B2EAB667D0061809D /* Build configuration list for PBXProject "hello sdl2" */ = {
			isa = XCConfigurationList;
			buildConfigurations = (
				2020625E2EAB66800061809D /* Debug */,
				2020625F2EAB66800061809D /* Release */,
			);
			defaultConfigurationIsVisible = 0;
			defaultConfigurationName = Debug;
		};
		202062602EAB66800061809D /* Build configuration list for PBXNativeTarget "hello sdl2" */ = {
			isa = XCConfigurationList;
			buildConfigurations = (
				202062612EAB66800061809D /* Debug */,
				202062622EAB66800061809D /* Release */,
			);
			defaultConfigurationIsVisible = 0;
			defaultConfigurationName = Debug;
		};
/* End XCConfigurationList section */
	};
	rootObject = 202062482EAB667D0061809D /* Project object */;
}
